
Microsoft Visual Studio Solution File, Format Version 12.00
# Visual Studio Version 17
VisualStudioVersion = 17.12.35521.163 d17.12
MinimumVisualStudioVersion = 10.0.40219.1
Project("{FAE04EC0-301F-11D3-BF4B-00C04F79EFBC}") = "OldMobilePhone", "OldMobilePhone\OldMobilePhone.csproj", "{DF7CF580-9FC5-4BB7-BC0D-501C628FD635}"
EndProject
Project("{FAE04EC0-301F-11D3-BF4B-00C04F79EFBC}") = "OldMobilePhone.XTests", "OldMobilePhone.XTests\OldMobilePhone.XTests.csproj", "{A8B5C498-BE76-4FED-8339-9D87B8E705DF}"
EndProject
Global
	GlobalSection(SolutionConfigurationPlatforms) = preSolution
		Debug|Any CPU = Debug|Any CPU
		Release|Any CPU = Release|Any CPU
	EndGlobalSection
	GlobalSection(ProjectConfigurationPlatforms) = postSolution
		{DF7CF580-9FC5-4BB7-BC0D-501C628FD635}.Debug|Any CPU.ActiveCfg = Debug|Any CPU
		{DF7CF580-9FC5-4BB7-BC0D-501C628FD635}.Debug|Any CPU.Build.0 = Debug|Any CPU
		{DF7CF580-9FC5-4BB7-BC0D-501C628FD635}.Release|Any CPU.ActiveCfg = Release|Any CPU
		{DF7CF580-9FC5-4BB7-BC0D-501C628FD635}.Release|Any CPU.Build.0 = Release|Any CPU
		{A8B5C498-BE76-4FED-8339-9D87B8E705DF}.Debug|Any CPU.ActiveCfg = Debug|Any CPU
		{A8B5C498-BE76-4FED-8339-9D87B8E705DF}.Debug|Any CPU.Build.0 = Debug|Any CPU
		{A8B5C498-BE76-4FED-8339-9D87B8E705DF}.Release|Any CPU.ActiveCfg = Release|Any CPU
		{A8B5C498-BE76-4FED-8339-9D87B8E705DF}.Release|Any CPU.Build.0 = Release|Any CPU
	EndGlobalSection
	GlobalSection(SolutionProperties) = preSolution
		HideSolutionNode = FALSE
	EndGlobalSection
EndGlobal
